
Microsoft Visual Studio Solution File, Format Version 12.00
# Visual Studio Version 17
VisualStudioVersion = 17.14.36811.4 d17.14
MinimumVisualStudioVersion = 10.0.40219.1
Project("{FAE04EC0-301F-11D3-BF4B-00C04F79EFBC}") = "Image2ASCII", "Image2ASCII\Image2ASCII.csproj", "{FA31EE3C-2E03-41D9-8C7B-740793B2F36D}"
EndProject
Global
	GlobalSection(SolutionConfigurationPlatforms) = preSolution
		Debug|Any CPU = Debug|Any CPU
		Release|Any CPU = Release|Any CPU
	EndGlobalSection
	GlobalSection(ProjectConfigurationPlatforms) = postSolution
		{FA31EE3C-2E03-41D9-8C7B-740793B2F36D}.Debug|Any CPU.ActiveCfg = Debug|Any CPU
		{FA31EE3C-2E03-41D9-8C7B-740793B2F36D}.Debug|Any CPU.Build.0 = Debug|Any CPU
		{FA31EE3C-2E03-41D9-8C7B-740793B2F36D}.Release|Any CPU.ActiveCfg = Release|Any CPU
		{FA31EE3C-2E03-41D9-8C7B-740793B2F36D}.Release|Any CPU.Build.0 = Release|Any CPU
	EndGlobalSection
	GlobalSection(SolutionProperties) = preSolution
		HideSolutionNode = FALSE
	EndGlobalSection
	GlobalSection(ExtensibilityGlobals) = postSolution
		SolutionGuid = {9A28D71F-2730-4988-B81A-4F8CA690C315}
	EndGlobalSection
EndGlobal
